// !$*UTF8*$!
{
	archiveVersion = 1;
	classes = {
	};
	objectVersion = 56;
	objects = {

/* Begin PBXBuildFile section */
		A10000000000000000000001 /* AppCoordinator.swift in Sources */ = {isa = PBXBuildFile; fileRef = B10000000000000000000001 /* AppCoordinator.swift */; };
		A10000000000000000000002 /* AudioRecorder.swift in Sources */ = {isa = PBXBuildFile; fileRef = B10000000000000000000002 /* AudioRecorder.swift */; };
		A10000000000000000000003 /* GlobalShortcutService.swift in Sources */ = {isa = PBXBuildFile; fileRef = B10000000000000000000003 /* GlobalShortcutService.swift */; };
		A10000000000000000000004 /* KeychainStore.swift in Sources */ = {isa = PBXBuildFile; fileRef = B10000000000000000000004 /* KeychainStore.swift */; };
		A10000000000000000000005 /* LaunchAtLoginService.swift in Sources */ = {isa = PBXBuildFile; fileRef = B10000000000000000000005 /* LaunchAtLoginService.swift */; };
		A10000000000000000000006 /* Models.swift in Sources */ = {isa = PBXBuildFile; fileRef = B10000000000000000000006 /* Models.swift */; };
		A10000000000000000000007 /* PasteService.swift in Sources */ = {isa = PBXBuildFile; fileRef = B10000000000000000000007 /* PasteService.swift */; };
		A10000000000000000000008 /* PillController.swift in Sources */ = {isa = PBXBuildFile; fileRef = B10000000000000000000008 /* PillController.swift */; };
		A10000000000000000000009 /* Preferences.swift in Sources */ = {isa = PBXBuildFile; fileRef = B10000000000000000000009 /* Preferences.swift */; };
		A1000000000000000000000A /* ../ScriberCore/ScribeClient.swift in Sources */ = {isa = PBXBuildFile; fileRef = B1000000000000000000000A /* ../ScriberCore/ScribeClient.swift */; };
		A1000000000000000000000B /* ScriberApp.swift in Sources */ = {isa = PBXBuildFile; fileRef = B1000000000000000000000B /* ScriberApp.swift */; };
		A1000000000000000000000C /* ShortcutRecorderView.swift in Sources */ = {isa = PBXBuildFile; fileRef = B1000000000000000000000C /* ShortcutRecorderView.swift */; };
		A10000000000000000000030 /* MainWindow.swift in Sources */ = {isa = PBXBuildFile; fileRef = B10000000000000000000030 /* MainWindow.swift */; };
		A10000000000000000000031 /* DictationHistory.swift in Sources */ = {isa = PBXBuildFile; fileRef = B10000000000000000000031 /* DictationHistory.swift */; };
		A10000000000000000000034 /* ToastStack.swift in Sources */ = {isa = PBXBuildFile; fileRef = B10000000000000000000034 /* ToastStack.swift */; };
		A1000000000000000000000D /* Views.swift in Sources */ = {isa = PBXBuildFile; fileRef = B1000000000000000000000D /* Views.swift */; };
		A1000000000000000000000E /* Assets.xcassets in Resources */ = {isa = PBXBuildFile; fileRef = B1000000000000000000000E /* Assets.xcassets */; };
		A10000000000000000000032 /* ../ScriberCore/RecoveryConditions.swift in Sources */ = {isa = PBXBuildFile; fileRef = B10000000000000000000032 /* ../ScriberCore/RecoveryConditions.swift */; };
		A10000000000000000000033 /* ../ScriberCore/Toasts.swift in Sources */ = {isa = PBXBuildFile; fileRef = B10000000000000000000033 /* ../ScriberCore/Toasts.swift */; };
		A10000000000000000000042 /* ../ScriberCore/UpdateCheck.swift in Sources */ = {isa = PBXBuildFile; fileRef = B10000000000000000000042 /* ../ScriberCore/UpdateCheck.swift */; };
		A10000000000000000000050 /* ../ScriberCore/RecorderLifecycle.swift in Sources */ = {isa = PBXBuildFile; fileRef = B10000000000000000000050 /* ../ScriberCore/RecorderLifecycle.swift */; };
		A10000000000000000000051 /* ../ScriberCore/RecordingStartGate.swift in Sources */ = {isa = PBXBuildFile; fileRef = B10000000000000000000051 /* ../ScriberCore/RecordingStartGate.swift */; };
		A1000000000000000000000F /* ../ScriberCore/CoreModels.swift in Sources */ = {isa = PBXBuildFile; fileRef = B10000000000000000000012 /* ../ScriberCore/CoreModels.swift */; };
		A10000000000000000000010 /* ../ScriberCore/CredentialStore.swift in Sources */ = {isa = PBXBuildFile; fileRef = B10000000000000000000013 /* ../ScriberCore/CredentialStore.swift */; };
		A10000000000000000000011 /* AppIcon.icon in Resources */ = {isa = PBXBuildFile; fileRef = B10000000000000000000014 /* AppIcon.icon */; };
		A10000000000000000000012 /* RecordingFeedbackSound.swift in Sources */ = {isa = PBXBuildFile; fileRef = B10000000000000000000015 /* RecordingFeedbackSound.swift */; };
		A10000000000000000000013 /* OtherAudioMuteService.swift in Sources */ = {isa = PBXBuildFile; fileRef = B10000000000000000000016 /* OtherAudioMuteService.swift */; };
		A10000000000000000000014 /* UITestingHistoryFixture.swift in Sources */ = {isa = PBXBuildFile; fileRef = B10000000000000000000018 /* UITestingHistoryFixture.swift */; };
		A10000000000000000000015 /* Workspace.swift in Sources */ = {isa = PBXBuildFile; fileRef = B10000000000000000000019 /* Workspace.swift */; };
		A10000000000000000000016 /* DictationHistoryMaintenance.swift in Sources */ = {isa = PBXBuildFile; fileRef = B1000000000000000000001A /* DictationHistoryMaintenance.swift */; };
		A10000000000000000000040 /* DictationDayTitlebar.swift in Sources */ = {isa = PBXBuildFile; fileRef = B10000000000000000000040 /* DictationDayTitlebar.swift */; };
		A10000000000000000000041 /* UITestingLargeHistoryFixture.swift in Sources */ = {isa = PBXBuildFile; fileRef = B10000000000000000000041 /* UITestingLargeHistoryFixture.swift */; };
/* End PBXBuildFile section */

/* Begin PBXContainerItemProxy section */
/* End PBXContainerItemProxy section */

/* Begin PBXFileReference section */
		B10000000000000000000001 /* AppCoordinator.swift */ = {isa = PBXFileReference; lastKnownFileType = sourcecode.swift; path = AppCoordinator.swift; sourceTree = "<group>"; };
		B10000000000000000000002 /* AudioRecorder.swift */ = {isa = PBXFileReference; lastKnownFileType = sourcecode.swift; path = AudioRecorder.swift; sourceTree = "<group>"; };
		B10000000000000000000003 /* GlobalShortcutService.swift */ = {isa = PBXFileReference; lastKnownFileType = sourcecode.swift; path = GlobalShortcutService.swift; sourceTree = "<group>"; };
		B10000000000000000000004 /* KeychainStore.swift */ = {isa = PBXFileReference; lastKnownFileType = sourcecode.swift; path = KeychainStore.swift; sourceTree = "<group>"; };
		B10000000000000000000005 /* LaunchAtLoginService.swift */ = {isa = PBXFileReference; lastKnownFileType = sourcecode.swift; path = LaunchAtLoginService.swift; sourceTree = "<group>"; };
		B10000000000000000000006 /* Models.swift */ = {isa = PBXFileReference; lastKnownFileType = sourcecode.swift; path = Models.swift; sourceTree = "<group>"; };
		B10000000000000000000007 /* PasteService.swift */ = {isa = PBXFileReference; lastKnownFileType = sourcecode.swift; path = PasteService.swift; sourceTree = "<group>"; };
		B10000000000000000000008 /* PillController.swift */ = {isa = PBXFileReference; lastKnownFileType = sourcecode.swift; path = PillController.swift; sourceTree = "<group>"; };
		B10000000000000000000009 /* Preferences.swift */ = {isa = PBXFileReference; lastKnownFileType = sourcecode.swift; path = Preferences.swift; sourceTree = "<group>"; };
		B1000000000000000000000A /* ../ScriberCore/ScribeClient.swift */ = {isa = PBXFileReference; lastKnownFileType = sourcecode.swift; path = ../ScriberCore/ScribeClient.swift; sourceTree = "<group>"; };
		B1000000000000000000000B /* ScriberApp.swift */ = {isa = PBXFileReference; lastKnownFileType = sourcecode.swift; path = ScriberApp.swift; sourceTree = "<group>"; };
		B1000000000000000000000C /* ShortcutRecorderView.swift */ = {isa = PBXFileReference; lastKnownFileType = sourcecode.swift; path = ShortcutRecorderView.swift; sourceTree = "<group>"; };
		B10000000000000000000030 /* MainWindow.swift */ = {isa = PBXFileReference; lastKnownFileType = sourcecode.swift; path = MainWindow.swift; sourceTree = "<group>"; };
		B10000000000000000000031 /* DictationHistory.swift */ = {isa = PBXFileReference; lastKnownFileType = sourcecode.swift; path = DictationHistory.swift; sourceTree = "<group>"; };
		B10000000000000000000034 /* ToastStack.swift */ = {isa = PBXFileReference; lastKnownFileType = sourcecode.swift; path = ToastStack.swift; sourceTree = "<group>"; };
		B1000000000000000000000D /* Views.swift */ = {isa = PBXFileReference; lastKnownFileType = sourcecode.swift; path = Views.swift; sourceTree = "<group>"; };
		B1000000000000000000000E /* Assets.xcassets */ = {isa = PBXFileReference; lastKnownFileType = folder.assetcatalog; path = Assets.xcassets; sourceTree = "<group>"; };
		B1000000000000000000000F /* Info.plist */ = {isa = PBXFileReference; lastKnownFileType = text.plist.xml; path = Info.plist; sourceTree = "<group>"; };
		B10000000000000000000010 /* Scriber.entitlements */ = {isa = PBXFileReference; lastKnownFileType = text.plist.entitlements; path = Scriber.entitlements; sourceTree = "<group>"; };
		B10000000000000000000011 /* Scriber.app */ = {isa = PBXFileReference; explicitFileType = wrapper.application; includeInIndex = 0; path = Scriber.app; sourceTree = BUILT_PRODUCTS_DIR; };
		B10000000000000000000032 /* ../ScriberCore/RecoveryConditions.swift */ = {isa = PBXFileReference; lastKnownFileType = sourcecode.swift; path = ../ScriberCore/RecoveryConditions.swift; sourceTree = "<group>"; };
		B10000000000000000000033 /* ../ScriberCore/Toasts.swift */ = {isa = PBXFileReference; lastKnownFileType = sourcecode.swift; path = ../ScriberCore/Toasts.swift; sourceTree = "<group>"; };
		B10000000000000000000042 /* ../ScriberCore/UpdateCheck.swift */ = {isa = PBXFileReference; lastKnownFileType = sourcecode.swift; path = ../ScriberCore/UpdateCheck.swift; sourceTree = "<group>"; };
		B10000000000000000000050 /* ../ScriberCore/RecorderLifecycle.swift */ = {isa = PBXFileReference; lastKnownFileType = sourcecode.swift; path = ../ScriberCore/RecorderLifecycle.swift; sourceTree = "<group>"; };
		B10000000000000000000051 /* ../ScriberCore/RecordingStartGate.swift */ = {isa = PBXFileReference; lastKnownFileType = sourcecode.swift; path = ../ScriberCore/RecordingStartGate.swift; sourceTree = "<group>"; };
		B10000000000000000000012 /* ../ScriberCore/CoreModels.swift */ = {isa = PBXFileReference; lastKnownFileType = sourcecode.swift; path = ../ScriberCore/CoreModels.swift; sourceTree = "<group>"; };
		B10000000000000000000013 /* ../ScriberCore/CredentialStore.swift */ = {isa = PBXFileReference; lastKnownFileType = sourcecode.swift; path = ../ScriberCore/CredentialStore.swift; sourceTree = "<group>"; };
		B10000000000000000000014 /* AppIcon.icon */ = {isa = PBXFileReference; lastKnownFileType = folder.iconcomposer.icon; path = AppIcon.icon; sourceTree = "<group>"; };
		B10000000000000000000015 /* RecordingFeedbackSound.swift */ = {isa = PBXFileReference; lastKnownFileType = sourcecode.swift; path = RecordingFeedbackSound.swift; sourceTree = "<group>"; };
		B10000000000000000000016 /* OtherAudioMuteService.swift */ = {isa = PBXFileReference; lastKnownFileType = sourcecode.swift; path = OtherAudioMuteService.swift; sourceTree = "<group>"; };
		B10000000000000000000017 /* Signing.xcconfig */ = {isa = PBXFileReference; lastKnownFileType = text.xcconfig; path = Signing.xcconfig; sourceTree = "<group>"; };
		B10000000000000000000018 /* UITestingHistoryFixture.swift */ = {isa = PBXFileReference; lastKnownFileType = sourcecode.swift; path = UITestingHistoryFixture.swift; sourceTree = "<group>"; };
		B10000000000000000000019 /* Workspace.swift */ = {isa = PBXFileReference; lastKnownFileType = sourcecode.swift; path = Workspace.swift; sourceTree = "<group>"; };
		B1000000000000000000001A /* DictationHistoryMaintenance.swift */ = {isa = PBXFileReference; lastKnownFileType = sourcecode.swift; path = DictationHistoryMaintenance.swift; sourceTree = "<group>"; };
		B10000000000000000000040 /* DictationDayTitlebar.swift */ = {isa = PBXFileReference; lastKnownFileType = sourcecode.swift; path = DictationDayTitlebar.swift; sourceTree = "<group>"; };
		B10000000000000000000041 /* UITestingLargeHistoryFixture.swift */ = {isa = PBXFileReference; lastKnownFileType = sourcecode.swift; path = UITestingLargeHistoryFixture.swift; sourceTree = "<group>"; };
/* End PBXFileReference section */

/* Begin PBXFrameworksBuildPhase section */
		C10000000000000000000001 /* Frameworks */ = {
			isa = PBXFrameworksBuildPhase;
			buildActionMask = 2147483647;
			files = (
			);
			runOnlyForDeploymentPostprocessing = 0;
		};
/* End PBXFrameworksBuildPhase section */

/* Begin PBXGroup section */
		D10000000000000000000001 = {
			isa = PBXGroup;
			children = (
				D10000000000000000000002 /* Scriber */,
				B10000000000000000000017 /* Signing.xcconfig */,
				D10000000000000000000003 /* Products */,
			);
			sourceTree = "<group>";
		};
		D10000000000000000000002 /* Scriber */ = {
			isa = PBXGroup;
			children = (
				B1000000000000000000000B /* ScriberApp.swift */,
				B10000000000000000000019 /* Workspace.swift */,
				B10000000000000000000001 /* AppCoordinator.swift */,
				B1000000000000000000001A /* DictationHistoryMaintenance.swift */,
				B10000000000000000000040 /* DictationDayTitlebar.swift */,
				B10000000000000000000002 /* AudioRecorder.swift */,
				B10000000000000000000016 /* OtherAudioMuteService.swift */,
				B10000000000000000000015 /* RecordingFeedbackSound.swift */,
				B10000000000000000000003 /* GlobalShortcutService.swift */,
				B10000000000000000000032 /* ../ScriberCore/RecoveryConditions.swift */,
				B10000000000000000000033 /* ../ScriberCore/Toasts.swift */,
				B10000000000000000000042 /* ../ScriberCore/UpdateCheck.swift */,
				B10000000000000000000050 /* ../ScriberCore/RecorderLifecycle.swift */,
				B10000000000000000000051 /* ../ScriberCore/RecordingStartGate.swift */,
				B10000000000000000000012 /* ../ScriberCore/CoreModels.swift */,
				B10000000000000000000013 /* ../ScriberCore/CredentialStore.swift */,
				B10000000000000000000004 /* KeychainStore.swift */,
				B10000000000000000000005 /* LaunchAtLoginService.swift */,
				B10000000000000000000006 /* Models.swift */,
				B10000000000000000000007 /* PasteService.swift */,
				B10000000000000000000008 /* PillController.swift */,
				B10000000000000000000009 /* Preferences.swift */,
				B1000000000000000000000A /* ../ScriberCore/ScribeClient.swift */,
				B1000000000000000000000C /* ShortcutRecorderView.swift */,
				B10000000000000000000030 /* MainWindow.swift */,
				B10000000000000000000031 /* DictationHistory.swift */,
				B10000000000000000000034 /* ToastStack.swift */,
				B1000000000000000000000D /* Views.swift */,
				B10000000000000000000018 /* UITestingHistoryFixture.swift */,
				B10000000000000000000041 /* UITestingLargeHistoryFixture.swift */,
				B10000000000000000000014 /* AppIcon.icon */,
				B1000000000000000000000E /* Assets.xcassets */,
				B1000000000000000000000F /* Info.plist */,
				B10000000000000000000010 /* Scriber.entitlements */,
			);
			path = Scriber;
			sourceTree = "<group>";
		};
		D10000000000000000000003 /* Products */ = {
			isa = PBXGroup;
			children = (
				B10000000000000000000011 /* Scriber.app */,
			);
			name = Products;
			sourceTree = "<group>";
		};
/* End PBXGroup section */

/* Begin PBXNativeTarget section */
		E10000000000000000000001 /* Scriber */ = {
			isa = PBXNativeTarget;
			buildConfigurationList = F10000000000000000000002 /* Build configuration list for PBXNativeTarget "Scriber" */;
			buildPhases = (
				C10000000000000000000002 /* Sources */,
				C10000000000000000000001 /* Frameworks */,
				C10000000000000000000003 /* Resources */,
			);
			buildRules = (
			);
			dependencies = (
			);
			name = Scriber;
			productName = Scriber;
			productReference = B10000000000000000000011 /* Scriber.app */;
			productType = "com.apple.product-type.application";
		};
/* End PBXNativeTarget section */

/* Begin PBXProject section */
		E10000000000000000000002 /* Project object */ = {
			isa = PBXProject;
			attributes = {
				BuildIndependentTargetsInParallel = 1;
				LastSwiftUpdateCheck = 2700;
				LastUpgradeCheck = 2700;
				TargetAttributes = {
					E10000000000000000000001 = {
						CreatedOnToolsVersion = 27.0;
						SystemCapabilities = {
							com.apple.Keychain = {
								enabled = 1;
							};
						};
					};
				};
			};
			buildConfigurationList = F10000000000000000000001 /* Build configuration list for PBXProject "Scriber" */;
			compatibilityVersion = "Xcode 14.0";
			developmentRegion = en;
			hasScannedForEncodings = 0;
			knownRegions = (
				en,
				Base,
			);
			mainGroup = D10000000000000000000001;
			productRefGroup = D10000000000000000000003 /* Products */;
			projectDirPath = "";
			projectRoot = "";
			targets = (
				E10000000000000000000001 /* Scriber */,
			);
		};
/* End PBXProject section */

/* Begin PBXResourcesBuildPhase section */
		C10000000000000000000003 /* Resources */ = {
			isa = PBXResourcesBuildPhase;
			buildActionMask = 2147483647;
			files = (
				A10000000000000000000011 /* AppIcon.icon in Resources */,
				A1000000000000000000000E /* Assets.xcassets in Resources */,
			);
			runOnlyForDeploymentPostprocessing = 0;
		};
/* End PBXResourcesBuildPhase section */

/* Begin PBXSourcesBuildPhase section */
		C10000000000000000000002 /* Sources */ = {
			isa = PBXSourcesBuildPhase;
			buildActionMask = 2147483647;
			files = (
				A10000000000000000000001 /* AppCoordinator.swift in Sources */,
				A10000000000000000000016 /* DictationHistoryMaintenance.swift in Sources */,
				A10000000000000000000040 /* DictationDayTitlebar.swift in Sources */,
				A10000000000000000000002 /* AudioRecorder.swift in Sources */,
				A10000000000000000000013 /* OtherAudioMuteService.swift in Sources */,
				A10000000000000000000012 /* RecordingFeedbackSound.swift in Sources */,
				A10000000000000000000003 /* GlobalShortcutService.swift in Sources */,
				A10000000000000000000004 /* KeychainStore.swift in Sources */,
				A10000000000000000000005 /* LaunchAtLoginService.swift in Sources */,
				A10000000000000000000006 /* Models.swift in Sources */,
				A10000000000000000000007 /* PasteService.swift in Sources */,
				A10000000000000000000008 /* PillController.swift in Sources */,
				A10000000000000000000009 /* Preferences.swift in Sources */,
				A1000000000000000000000A /* ../ScriberCore/ScribeClient.swift in Sources */,
				A1000000000000000000000B /* ScriberApp.swift in Sources */,
				A10000000000000000000015 /* Workspace.swift in Sources */,
				A1000000000000000000000C /* ShortcutRecorderView.swift in Sources */,
				A10000000000000000000030 /* MainWindow.swift in Sources */,
				A10000000000000000000031 /* DictationHistory.swift in Sources */,
				A10000000000000000000034 /* ToastStack.swift in Sources */,
				A1000000000000000000000D /* Views.swift in Sources */,
				A10000000000000000000032 /* ../ScriberCore/RecoveryConditions.swift in Sources */,
				A10000000000000000000033 /* ../ScriberCore/Toasts.swift in Sources */,
				A10000000000000000000042 /* ../ScriberCore/UpdateCheck.swift in Sources */,
				A10000000000000000000050 /* ../ScriberCore/RecorderLifecycle.swift in Sources */,
				A10000000000000000000051 /* ../ScriberCore/RecordingStartGate.swift in Sources */,
				A1000000000000000000000F /* ../ScriberCore/CoreModels.swift in Sources */,
				A10000000000000000000010 /* ../ScriberCore/CredentialStore.swift in Sources */,
				A10000000000000000000014 /* UITestingHistoryFixture.swift in Sources */,
				A10000000000000000000041 /* UITestingLargeHistoryFixture.swift in Sources */,
			);
			runOnlyForDeploymentPostprocessing = 0;
		};
/* End PBXSourcesBuildPhase section */

/* Begin PBXTargetDependency section */
/* End PBXTargetDependency section */

/* Begin XCBuildConfiguration section */
		F10000000000000000000010 /* Debug */ = {
			isa = XCBuildConfiguration;
			baseConfigurationReference = B10000000000000000000017 /* Signing.xcconfig */;
			buildSettings = {
				CLANG_ENABLE_MODULES = YES;
				SDKROOT = macosx;
				SWIFT_ACTIVE_COMPILATION_CONDITIONS = DEBUG;
				SWIFT_VERSION = 6.0;
			};
			name = Debug;
		};
		F10000000000000000000011 /* Release */ = {
			isa = XCBuildConfiguration;
			baseConfigurationReference = B10000000000000000000017 /* Signing.xcconfig */;
			buildSettings = {
				CLANG_ENABLE_MODULES = YES;
				SDKROOT = macosx;
				SWIFT_COMPILATION_MODE = wholemodule;
				SWIFT_VERSION = 6.0;
			};
			name = Release;
		};
		F10000000000000000000012 /* Debug */ = {
			isa = XCBuildConfiguration;
			buildSettings = {
				ARCHS = arm64;
				ASSETCATALOG_COMPILER_APPICON_NAME = AppIcon;
				"CODE_SIGN_IDENTITY[sdk=macosx*]" = "Apple Development";
				CODE_SIGN_STYLE = Automatic;
				COMBINE_HIDPI_IMAGES = YES;
				CURRENT_PROJECT_VERSION = 177;
				ENABLE_APP_SANDBOX = NO;
				GENERATE_INFOPLIST_FILE = NO;
				INFOPLIST_FILE = Scriber/Info.plist;
				LD_RUNPATH_SEARCH_PATHS = (
					"$(inherited)",
					"@executable_path/../Frameworks",
				);
				MACOSX_DEPLOYMENT_TARGET = 26.0;
				MARKETING_VERSION = 0.9.0;
				PRODUCT_BUNDLE_IDENTIFIER = com.gafiegarcia.scriber;
				PRODUCT_NAME = Scriber;
				SWIFT_STRICT_CONCURRENCY = complete;
				SWIFT_VERSION = 6.0;
			};
			name = Debug;
		};
		F10000000000000000000013 /* Release */ = {
			isa = XCBuildConfiguration;
			buildSettings = {
				ARCHS = arm64;
				ASSETCATALOG_COMPILER_APPICON_NAME = AppIcon;
				CODE_SIGN_ENTITLEMENTS = Scriber/Scriber.entitlements;
				"CODE_SIGN_IDENTITY[sdk=macosx*]" = "Developer ID Application";
				CODE_SIGN_INJECT_BASE_ENTITLEMENTS = NO;
				CODE_SIGN_STYLE = Manual;
				COMBINE_HIDPI_IMAGES = YES;
				CURRENT_PROJECT_VERSION = 177;
				DEVELOPMENT_TEAM = 24U8BM54A3;
				ENABLE_APP_SANDBOX = NO;
				ENABLE_HARDENED_RUNTIME = YES;
				GENERATE_INFOPLIST_FILE = NO;
				INFOPLIST_FILE = Scriber/Info.plist;
				LD_RUNPATH_SEARCH_PATHS = (
					"$(inherited)",
					"@executable_path/../Frameworks",
				);
				MACOSX_DEPLOYMENT_TARGET = 26.0;
				MARKETING_VERSION = 0.9.0;
				OTHER_CODE_SIGN_FLAGS = "--timestamp";
				PRODUCT_BUNDLE_IDENTIFIER = com.gafiegarcia.scriber;
				PRODUCT_NAME = Scriber;
				SWIFT_STRICT_CONCURRENCY = complete;
				SWIFT_VERSION = 6.0;
			};
			name = Release;
		};
/* End XCBuildConfiguration section */

/* Begin XCConfigurationList section */
		F10000000000000000000001 /* Build configuration list for PBXProject "Scriber" */ = {
			isa = XCConfigurationList;
			buildConfigurations = (
				F10000000000000000000010 /* Debug */,
				F10000000000000000000011 /* Release */,
			);
			defaultConfigurationIsVisible = 0;
			defaultConfigurationName = Release;
		};
		F10000000000000000000002 /* Build configuration list for PBXNativeTarget "Scriber" */ = {
			isa = XCConfigurationList;
			buildConfigurations = (
				F10000000000000000000012 /* Debug */,
				F10000000000000000000013 /* Release */,
			);
			defaultConfigurationIsVisible = 0;
			defaultConfigurationName = Release;
		};
/* End XCConfigurationList section */
	};
	rootObject = E10000000000000000000002 /* Project object */;
}
